// !$*UTF8*$!
{
	archiveVersion = 1;
	classes = {
	};
	objectVersion = 48;
	objects = {

/* Begin PBXBuildFile section */
		93CDB2DD20347B90009B476C /* AppDelegate.swift in Sources */ = {isa = PBXBuildFile; fileRef = 93CDB2DC20347B90009B476C /* AppDelegate.swift */; };
		93CDB2DF20347B90009B476C /* ViewController.swift in Sources */ = {isa = PBXBuildFile; fileRef = 93CDB2DE20347B90009B476C /* ViewController.swift */; };
		93CDB2E220347B90009B476C /* Main.storyboard in Resources */ = {isa = PBXBuildFile; fileRef = 93CDB2E020347B90009B476C /* Main.storyboard */; };
		93CDB2E420347B90009B476C /* Assets.xcassets in Resources */ = {isa = PBXBuildFile; fileRef = 93CDB2E320347B90009B476C /* Assets.xcassets */; };
		93CDB2E720347B90009B476C /* LaunchScreen.storyboard in Resources */ = {isa = PBXBuildFile; fileRef = 93CDB2E520347B90009B476C /* LaunchScreen.storyboard */; };
		93CDB2EF20347BB3009B476C /* Cross.png in Resources */ = {isa = PBXBuildFile; fileRef = 93CDB2EE20347BB3009B476C /* Cross.png */; };
		93CDB2F120347BBA009B476C /* Nought.png in Resources */ = {isa = PBXBuildFile; fileRef = 93CDB2F020347BBA009B476C /* Nought.png */; };
		93CDB2F320347BC0009B476C /* Board.png in Resources */ = {isa = PBXBuildFile; fileRef = 93CDB2F220347BC0009B476C /* Board.png */; };
/* End PBXBuildFile section */

/* Begin PBXFileReference section */
		93CDB2D920347B90009B476C /* ticTactToe-2.app */ = {isa = PBXFileReference; explicitFileType = wrapper.application; includeInIndex = 0; path = "ticTactToe-2.app"; sourceTree = BUILT_PRODUCTS_DIR; };
		93CDB2DC20347B90009B476C /* AppDelegate.swift */ = {isa = PBXFileReference; lastKnownFileType = sourcecode.swift; path = AppDelegate.swift; sourceTree = "<group>"; };
		93CDB2DE20347B90009B476C /* ViewController.swift */ = {isa = PBXFileReference; lastKnownFileType = sourcecode.swift; path = ViewController.swift; sourceTree = "<group>"; };
		93CDB2E120347B90009B476C /* Base */ = {isa = PBXFileReference; lastKnownFileType = file.storyboard; name = Base; path = Base.lproj/Main.storyboard; sourceTree = "<group>"; };
		93CDB2E320347B90009B476C /* Assets.xcassets */ = {isa = PBXFileReference; lastKnownFileType = folder.assetcatalog; path = Assets.xcassets; sourceTree = "<group>"; };
		93CDB2E620347B90009B476C /* Base */ = {isa = PBXFileReference; lastKnownFileType = file.storyboard; name = Base; path = Base.lproj/LaunchScreen.storyboard; sourceTree = "<group>"; };
		93CDB2E820347B90009B476C /* Info.plist */ = {isa = PBXFileReference; lastKnownFileType = text.plist.xml; path = Info.plist; sourceTree = "<group>"; };
		93CDB2EE20347BB3009B476C /* Cross.png */ = {isa = PBXFileReference; lastKnownFileType = image.png; path = Cross.png; sourceTree = "<group>"; };
		93CDB2F020347BBA009B476C /* Nought.png */ = {isa = PBXFileReference; lastKnownFileType = image.png; path = Nought.png; sourceTree = "<group>"; };
		93CDB2F220347BC0009B476C /* Board.png */ = {isa = PBXFileReference; lastKnownFileType = image.png; path = Board.png; sourceTree = "<group>"; };
/* End PBXFileReference section */

/* Begin PBXFrameworksBuildPhase section */
		93CDB2D620347B90009B476C /* Frameworks */ = {
			isa = PBXFrameworksBuildPhase;
			buildActionMask = 2147483647;
			files = (
			);
			runOnlyForDeploymentPostprocessing = 0;
		};
/* End PBXFrameworksBuildPhase section */

/* Begin PBXGroup section */
		93CDB2D020347B90009B476C = {
			isa = PBXGroup;
			children = (
				93CDB2DB20347B90009B476C /* ticTactToe-2 */,
				93CDB2DA20347B90009B476C /* Products */,
			);
			sourceTree = "<group>";
		};
		93CDB2DA20347B90009B476C /* Products */ = {
			isa = PBXGroup;
			children = (
				93CDB2D920347B90009B476C /* ticTactToe-2.app */,
			);
			name = Products;
			sourceTree = "<group>";
		};
		93CDB2DB20347B90009B476C /* ticTactToe-2 */ = {
			isa = PBXGroup;
			children = (
				93CDB2DC20347B90009B476C /* AppDelegate.swift */,
				93CDB2DE20347B90009B476C /* ViewController.swift */,
				93CDB2E020347B90009B476C /* Main.storyboard */,
				93CDB2E320347B90009B476C /* Assets.xcassets */,
				93CDB2E520347B90009B476C /* LaunchScreen.storyboard */,
				93CDB2EE20347BB3009B476C /* Cross.png */,
				93CDB2F220347BC0009B476C /* Board.png */,
				93CDB2F020347BBA009B476C /* Nought.png */,
				93CDB2E820347B90009B476C /* Info.plist */,
			);
			path = "ticTactToe-2";
			sourceTree = "<group>";
		};
/* End PBXGroup section */

/* Begin PBXNativeTarget section */
		93CDB2D820347B90009B476C /* ticTactToe-2 */ = {
			isa = PBXNativeTarget;
			buildConfigurationList = 93CDB2EB20347B90009B476C /* Build configuration list for PBXNativeTarget "ticTactToe-2" */;
			buildPhases = (
				93CDB2D520347B90009B476C /* Sources */,
				93CDB2D620347B90009B476C /* Frameworks */,
				93CDB2D720347B90009B476C /* Resources */,
			);
			buildRules = (
			);
			dependencies = (
			);
			name = "ticTactToe-2";
			productName = "ticTactToe-2";
			productReference = 93CDB2D920347B90009B476C /* ticTactToe-2.app */;
			productType = "com.apple.product-type.application";
		};
/* End PBXNativeTarget section */

/* Begin PBXProject section */
		93CDB2D120347B90009B476C /* Project object */ = {
			isa = PBXProject;
			attributes = {
				LastSwiftUpdateCheck = 0920;
				LastUpgradeCheck = 0920;
				ORGANIZATIONNAME = "Aaron Dougher";
				TargetAttributes = {
					93CDB2D820347B90009B476C = {
						CreatedOnToolsVersion = 9.2;
						ProvisioningStyle = Automatic;
					};
				};
			};
			buildConfigurationList = 93CDB2D420347B90009B476C /* Build configuration list for PBXProject "ticTactToe-2" */;
			compatibilityVersion = "Xcode 8.0";
			developmentRegion = en;
			hasScannedForEncodings = 0;
			knownRegions = (
				en,
				Base,
			);
			mainGroup = 93CDB2D020347B90009B476C;
			productRefGroup = 93CDB2DA20347B90009B476C /* Products */;
			projectDirPath = "";
			projectRoot = "";
			targets = (
				93CDB2D820347B90009B476C /* ticTactToe-2 */,
			);
		};
/* End PBXProject section */

/* Begin PBXResourcesBuildPhase section */
		93CDB2D720347B90009B476C /* Resources */ = {
			isa = PBXResourcesBuildPhase;
			buildActionMask = 2147483647;
			files = (
				93CDB2F320347BC0009B476C /* Board.png in Resources */,
				93CDB2F120347BBA009B476C /* Nought.png in Resources */,
				93CDB2E720347B90009B476C /* LaunchScreen.storyboard in Resources */,
				93CDB2E420347B90009B476C /* Assets.xcassets in Resources */,
				93CDB2EF20347BB3009B476C /* Cross.png in Resources */,
				93CDB2E220347B90009B476C /* Main.storyboard in Resources */,
			);
			runOnlyForDeploymentPostprocessing = 0;
		};
/* End PBXResourcesBuildPhase section */

/* Begin PBXSourcesBuildPhase section */
		93CDB2D520347B90009B476C /* Sources */ = {
			isa = PBXSourcesBuildPhase;
			buildActionMask = 2147483647;
			files = (
				93CDB2DF20347B90009B476C /* ViewController.swift in Sources */,
				93CDB2DD20347B90009B476C /* AppDelegate.swift in Sources */,
			);
			runOnlyForDeploymentPostprocessing = 0;
		};
/* End PBXSourcesBuildPhase section */

/* Begin PBXVariantGroup section */
		93CDB2E020347B90009B476C /* Main.storyboard */ = {
			isa = PBXVariantGroup;
			children = (
				93CDB2E120347B90009B476C /* Base */,
			);
			name = Main.storyboard;
			sourceTree = "<group>";
		};
		93CDB2E520347B90009B476C /* LaunchScreen.storyboard */ = {
			isa = PBXVariantGroup;
			children = (
				93CDB2E620347B90009B476C /* Base */,
			);
			name = LaunchScreen.storyboard;
			sourceTree = "<group>";
		};
/* End PBXVariantGroup section */

/* Begin XCBuildConfiguration section */
		93CDB2E920347B90009B476C /* Debug */ = {
			isa = XCBuildConfiguration;
			buildSettings = {
				ALWAYS_SEARCH_USER_PATHS = NO;
				CLANG_ANALYZER_NONNULL = YES;
				CLANG_ANALYZER_NUMBER_OBJECT_CONVERSION = YES_AGGRESSIVE;
				CLANG_CXX_LANGUAGE_STANDARD = "gnu++14";
				CLANG_CXX_LIBRARY = "libc++";
				CLANG_ENABLE_MODULES = YES;
				CLANG_ENABLE_OBJC_ARC = YES;
				CLANG_WARN_BLOCK_CAPTURE_AUTORELEASING = YES;
				CLANG_WARN_BOOL_CONVERSION = YES;
				CLANG_WARN_COMMA = YES;
				CLANG_WARN_CONSTANT_CONVERSION = YES;
				CLANG_WARN_DIRECT_OBJC_ISA_USAGE = YES_ERROR;
				CLANG_WARN_DOCUMENTATION_COMMENTS = YES;
				CLANG_WARN_EMPTY_BODY = YES;
				CLANG_WARN_ENUM_CONVERSION = YES;
				CLANG_WARN_INFINITE_RECURSION = YES;
				CLANG_WARN_INT_CONVERSION = YES;
				CLANG_WARN_NON_LITERAL_NULL_CONVERSION = YES;
				CLANG_WARN_OBJC_LITERAL_CONVERSION = YES;
				CLANG_WARN_OBJC_ROOT_CLASS = YES_ERROR;
				CLANG_WARN_RANGE_LOOP_ANALYSIS = YES;
				CLANG_WARN_STRICT_PROTOTYPES = YES;
				CLANG_WARN_SUSPICIOUS_MOVE = YES;
				CLANG_WARN_UNGUARDED_AVAILABILITY = YES_AGGRESSIVE;
				CLANG_WARN_UNREACHABLE_CODE = YES;
				CLANG_WARN__DUPLICATE_METHOD_MATCH = YES;
				CODE_SIGN_IDENTITY = "iPhone Developer";
				COPY_PHASE_STRIP = NO;
				DEBUG_INFORMATION_FORMAT = dwarf;
				ENABLE_STRICT_OBJC_MSGSEND = YES;
				ENABLE_TESTABILITY = YES;
				GCC_C_LANGUAGE_STANDARD = gnu11;
				GCC_DYNAMIC_NO_PIC = NO;
				GCC_NO_COMMON_BLOCKS = YES;
				GCC_OPTIMIZATION_LEVEL = 0;
				GCC_PREPROCESSOR_DEFINITIONS = (
					"DEBUG=1",
					"$(inherited)",
				);
				GCC_WARN_64_TO_32_BIT_CONVERSION = YES;
				GCC_WARN_ABOUT_RETURN_TYPE = YES_ERROR;
				GCC_WARN_UNDECLARED_SELECTOR = YES;
				GCC_WARN_UNINITIALIZED_AUTOS = YES_AGGRESSIVE;
				GCC_WARN_UNUSED_FUNCTION = YES;
				GCC_WARN_UNUSED_VARIABLE = YES;
				IPHONEOS_DEPLOYMENT_TARGET = 11.2;
				MTL_ENABLE_DEBUG_INFO = YES;
				ONLY_ACTIVE_ARCH = YES;
				SDKROOT = iphoneos;
				SWIFT_ACTIVE_COMPILATION_CONDITIONS = DEBUG;
				SWIFT_OPTIMIZATION_LEVEL = "-Onone";
			};
			name = Debug;
		};
		93CDB2EA20347B90009B476C /* Release */ = {
			isa = XCBuildConfiguration;
			buildSettings = {
				ALWAYS_SEARCH_USER_PATHS = NO;
				CLANG_ANALYZER_NONNULL = YES;
				CLANG_ANALYZER_NUMBER_OBJECT_CONVERSION = YES_AGGRESSIVE;
				CLANG_CXX_LANGUAGE_STANDARD = "gnu++14";
				CLANG_CXX_LIBRARY = "libc++";
				CLANG_ENABLE_MODULES = YES;
				CLANG_ENABLE_OBJC_ARC = YES;
				CLANG_WARN_BLOCK_CAPTURE_AUTORELEASING = YES;
				CLANG_WARN_BOOL_CONVERSION = YES;
				CLANG_WARN_COMMA = YES;
				CLANG_WARN_CONSTANT_CONVERSION = YES;
				CLANG_WARN_DIRECT_OBJC_ISA_USAGE = YES_ERROR;
				CLANG_WARN_DOCUMENTATION_COMMENTS = YES;
				CLANG_WARN_EMPTY_BODY = YES;
				CLANG_WARN_ENUM_CONVERSION = YES;
				CLANG_WARN_INFINITE_RECURSION = YES;
				CLANG_WARN_INT_CONVERSION = YES;
				CLANG_WARN_NON_LITERAL_NULL_CONVERSION = YES;
				CLANG_WARN_OBJC_LITERAL_CONVERSION = YES;
				CLANG_WARN_OBJC_ROOT_CLASS = YES_ERROR;
				CLANG_WARN_RANGE_LOOP_ANALYSIS = YES;
				CLANG_WARN_STRICT_PROTOTYPES = YES;
				CLANG_WARN_SUSPICIOUS_MOVE = YES;
				CLANG_WARN_UNGUARDED_AVAILABILITY = YES_AGGRESSIVE;
				CLANG_WARN_UNREACHABLE_CODE = YES;
				CLANG_WARN__DUPLICATE_METHOD_MATCH = YES;
				CODE_SIGN_IDENTITY = "iPhone Developer";
				COPY_PHASE_STRIP = NO;
				DEBUG_INFORMATION_FORMAT = "dwarf-with-dsym";
				ENABLE_NS_ASSERTIONS = NO;
				ENABLE_STRICT_OBJC_MSGSEND = YES;
				GCC_C_LANGUAGE_STANDARD = gnu11;
				GCC_NO_COMMON_BLOCKS = YES;
				GCC_WARN_64_TO_32_BIT_CONVERSION = YES;
				GCC_WARN_ABOUT_RETURN_TYPE = YES_ERROR;
				GCC_WARN_UNDECLARED_SELECTOR = YES;
				GCC_WARN_UNINITIALIZED_AUTOS = YES_AGGRESSIVE;
				GCC_WARN_UNUSED_FUNCTION = YES;
				GCC_WARN_UNUSED_VARIABLE = YES;
				IPHONEOS_DEPLOYMENT_TARGET = 11.2;
				MTL_ENABLE_DEBUG_INFO = NO;
				SDKROOT = iphoneos;
				SWIFT_OPTIMIZATION_LEVEL = "-Owholemodule";
				VALIDATE_PRODUCT = YES;
			};
			name = Release;
		};
		93CDB2EC20347B90009B476C /* Debug */ = {
			isa = XCBuildConfiguration;
			buildSettings = {
				ASSETCATALOG_COMPILER_APPICON_NAME = AppIcon;
				CODE_SIGN_STYLE = Automatic;
				INFOPLIST_FILE = "ticTactToe-2/Info.plist";
				LD_RUNPATH_SEARCH_PATHS = "$(inherited) @executable_path/Frameworks";
				PRODUCT_BUNDLE_IDENTIFIER = "Dougher.ticTactToe-2";
				PRODUCT_NAME = "$(TARGET_NAME)";
				SWIFT_VERSION = 4.0;
				TARGETED_DEVICE_FAMILY = "1,2";
			};
			name = Debug;
		};
		93CDB2ED20347B90009B476C /* Release */ = {
			isa = XCBuildConfiguration;
			buildSettings = {
				ASSETCATALOG_COMPILER_APPICON_NAME = AppIcon;
				CODE_SIGN_STYLE = Automatic;
				INFOPLIST_FILE = "ticTactToe-2/Info.plist";
				LD_RUNPATH_SEARCH_PATHS = "$(inherited) @executable_path/Frameworks";
				PRODUCT_BUNDLE_IDENTIFIER = "Dougher.ticTactToe-2";
				PRODUCT_NAME = "$(TARGET_NAME)";
				SWIFT_VERSION = 4.0;
				TARGETED_DEVICE_FAMILY = "1,2";
			};
			name = Release;
		};
/* End XCBuildConfiguration section */

/* Begin XCConfigurationList section */
		93CDB2D420347B90009B476C /* Build configuration list for PBXProject "ticTactToe-2" */ = {
			isa = XCConfigurationList;
			buildConfigurations = (
				93CDB2E920347B90009B476C /* Debug */,
				93CDB2EA20347B90009B476C /* Release */,
			);
			defaultConfigurationIsVisible = 0;
			defaultConfigurationName = Release;
		};
		93CDB2EB20347B90009B476C /* Build configuration list for PBXNativeTarget "ticTactToe-2" */ = {
			isa = XCConfigurationList;
			buildConfigurations = (
				93CDB2EC20347B90009B476C /* Debug */,
				93CDB2ED20347B90009B476C /* Release */,
			);
			defaultConfigurationIsVisible = 0;
			defaultConfigurationName = Release;
		};
/* End XCConfigurationList section */
	};
	rootObject = 93CDB2D120347B90009B476C /* Project object */;
}
